
Microsoft Visual Studio Solution File, Format Version 12.00
# Visual Studio Version 16
VisualStudioVersion = 16.0.30011.22
MinimumVisualStudioVersion = 10.0.40219.1
Project("{FAE04EC0-301F-11D3-BF4B-00C04F79EFBC}") = "3DmodelShow", "3DmodelShow\3DmodelShow.csproj", "{46566081-C2E0-4844-966D-89A0916215C3}"
EndProject
Global
	GlobalSection(SolutionConfigurationPlatforms) = preSolution
		Debug|Any CPU = Debug|Any CPU
		Release|Any CPU = Release|Any CPU
	EndGlobalSection
	GlobalSection(ProjectConfigurationPlatforms) = postSolution
		{46566081-C2E0-4844-966D-89A0916215C3}.Debug|Any CPU.ActiveCfg = Debug|Any CPU
		{46566081-C2E0-4844-966D-89A0916215C3}.Debug|Any CPU.Build.0 = Debug|Any CPU
		{46566081-C2E0-4844-966D-89A0916215C3}.Release|Any CPU.ActiveCfg = Release|Any CPU
		{46566081-C2E0-4844-966D-89A0916215C3}.Release|Any CPU.Build.0 = Release|Any CPU
	EndGlobalSection
	GlobalSection(SolutionProperties) = preSolution
		HideSolutionNode = FALSE
	EndGlobalSection
	GlobalSection(ExtensibilityGlobals) = postSolution
		SolutionGuid = {4E21A22A-78FD-409B-8B7A-2A48EEBDA310}
	EndGlobalSection
EndGlobal
